{
  "originHash" : "73bbbd34a8d5fb7a5224e4996bcf5288b744151511500318c7cdf3345ec9e0ee",
  "pins" : [
    {
      "identity" : "gis-tools",
      "kind" : "remoteSourceControl",
      "location" : "https://github.com/Outdooractive/gis-tools.git",
      "state" : {
        "revision" : "f156c82d96b2a088e0c3490eb9b9fb3067520b2d",
        "version" : "2.0.0"
      }
    }
  ],
  "version" : 3
}
