{
  "originHash" : "81f9b81ffbd3241027e8c21983c3b4be44e17734efca2202b91a057c34ab8159",
  "pins" : [
    {
      "identity" : "gis-tools",
      "kind" : "remoteSourceControl",
      "location" : "https://github.com/Outdooractive/gis-tools",
      "state" : {
        "revision" : "716361078ecb98187975d1fbf209a42d237a9d6a",
        "version" : "3.0.0-beta.1"
      }
    }
  ],
  "version" : 3
}
